
Microsoft Visual Studio Solution File, Format Version 12.00
# Visual Studio Version 17
VisualStudioVersion = 17.4.33213.308
MinimumVisualStudioVersion = 10.0.40219.1
Project("{FAE04EC0-301F-11D3-BF4B-00C04F79EFBC}") = "Project_2", "Project_2\Project_2.csproj", "{7209B1CA-CC6A-4C3C-81BB-B6425692A593}"
EndProject
Global
	GlobalSection(SolutionConfigurationPlatforms) = preSolution
		Debug|Any CPU = Debug|Any CPU
		Release|Any CPU = Release|Any CPU
	EndGlobalSection
	GlobalSection(ProjectConfigurationPlatforms) = postSolution
		{7209B1CA-CC6A-4C3C-81BB-B6425692A593}.Debug|Any CPU.ActiveCfg = Debug|Any CPU
		{7209B1CA-CC6A-4C3C-81BB-B6425692A593}.Debug|Any CPU.Build.0 = Debug|Any CPU
		{7209B1CA-CC6A-4C3C-81BB-B6425692A593}.Release|Any CPU.ActiveCfg = Release|Any CPU
		{7209B1CA-CC6A-4C3C-81BB-B6425692A593}.Release|Any CPU.Build.0 = Release|Any CPU
	EndGlobalSection
	GlobalSection(SolutionProperties) = preSolution
		HideSolutionNode = FALSE
	EndGlobalSection
	GlobalSection(ExtensibilityGlobals) = postSolution
		SolutionGuid = {441F1608-C3D9-4408-9FCB-958A2C0939DB}
	EndGlobalSection
EndGlobal
